
Microsoft Visual Studio Solution File, Format Version 12.00
# Visual Studio Version 17
VisualStudioVersion = 17.13.35931.197 d17.13
MinimumVisualStudioVersion = 10.0.40219.1
Project("{FAE04EC0-301F-11D3-BF4B-00C04F79EFBC}") = "OnlineCoffeeStoreClientSite", "OnlineCoffeeStoreClientSite\OnlineCoffeeStoreClientSite.csproj", "{2043B5F5-5FE0-4EF7-9D4E-55AD148429D0}"
EndProject
Global
	GlobalSection(SolutionConfigurationPlatforms) = preSolution
		Debug|Any CPU = Debug|Any CPU
		Release|Any CPU = Release|Any CPU
	EndGlobalSection
	GlobalSection(ProjectConfigurationPlatforms) = postSolution
		{2043B5F5-5FE0-4EF7-9D4E-55AD148429D0}.Debug|Any CPU.ActiveCfg = Debug|Any CPU
		{2043B5F5-5FE0-4EF7-9D4E-55AD148429D0}.Debug|Any CPU.Build.0 = Debug|Any CPU
		{2043B5F5-5FE0-4EF7-9D4E-55AD148429D0}.Release|Any CPU.ActiveCfg = Release|Any CPU
		{2043B5F5-5FE0-4EF7-9D4E-55AD148429D0}.Release|Any CPU.Build.0 = Release|Any CPU
	EndGlobalSection
	GlobalSection(SolutionProperties) = preSolution
		HideSolutionNode = FALSE
	EndGlobalSection
	GlobalSection(ExtensibilityGlobals) = postSolution
		SolutionGuid = {6321CD40-6F25-420B-A843-3F01F5C98DA3}
	EndGlobalSection
EndGlobal
